PODS:
  - Alamofire (5.10.1)
  - CombineExt (1.8.0)
  - Moya/Combine (15.0.0):
    - Moya/Core
  - Moya/Core (15.0.0):
    - Alamofire (~> 5.0)
  - OpenCombine (0.14.0)
  - SmartCodable (4.3.2)
  - Toast-Swift (5.1.1)

DEPENDENCIES:
  - CombineExt
  - Moya/Combine
  - OpenCombine
  - SmartCodable (~> 4.3.2)
  - Toast-Swift

SPEC REPOS:
  trunk:
    - Alamofire
    - CombineExt
    - Moya
    - OpenCombine
    - SmartCodable
    - Toast-Swift

SPEC CHECKSUMS:
  Alamofire: 840d2a1ad82355b536ec6ba5f97e5bfa54600ca3
  CombineExt: c4daa97ef75754d8ef319bd79edeef82652f3eea
  Moya: 138f0573e53411fb3dc17016add0b748dfbd78ee
  OpenCombine: 99bf5bc4fce0e34507031a9f277e927bbe25a722
  SmartCodable: 88fbf3d65207c2376fdbce4b080a3d578cb51be8
  Toast-Swift: 7a03a532afe3a560d4044bc7c237e2864d295173

PODFILE CHECKSUM: 39a30cdc879253b8663b1df5ffe10bd4c21a6582

COCOAPODS: 1.15.2
